
Microsoft Visual Studio Solution File, Format Version 12.00
# Visual Studio Version 16
VisualStudioVersion = 16.0.29306.81
MinimumVisualStudioVersion = 10.0.40219.1
Project("{FAE04EC0-301F-11D3-BF4B-00C04F79EFBC}") = "DEV-4", "DEV-4.csproj", "{14366538-E14C-4F3C-A6D1-BAF78D4E3666}"
EndProject
Global
	GlobalSection(SolutionConfigurationPlatforms) = preSolution
		Debug|Any CPU = Debug|Any CPU
		Release|Any CPU = Release|Any CPU
	EndGlobalSection
	GlobalSection(ProjectConfigurationPlatforms) = postSolution
		{14366538-E14C-4F3C-A6D1-BAF78D4E3666}.Debug|Any CPU.ActiveCfg = Debug|Any CPU
		{14366538-E14C-4F3C-A6D1-BAF78D4E3666}.Debug|Any CPU.Build.0 = Debug|Any CPU
		{14366538-E14C-4F3C-A6D1-BAF78D4E3666}.Release|Any CPU.ActiveCfg = Release|Any CPU
		{14366538-E14C-4F3C-A6D1-BAF78D4E3666}.Release|Any CPU.Build.0 = Release|Any CPU
	EndGlobalSection
	GlobalSection(SolutionProperties) = preSolution
		HideSolutionNode = FALSE
	EndGlobalSection
	GlobalSection(ExtensibilityGlobals) = postSolution
		SolutionGuid = {C8811323-0A06-4E29-8470-5D84638937CF}
	EndGlobalSection
EndGlobal
