
Microsoft Visual Studio Solution File, Format Version 12.00
# Visual Studio Version 16
VisualStudioVersion = 16.0.29306.81
MinimumVisualStudioVersion = 10.0.40219.1
Project("{FAE04EC0-301F-11D3-BF4B-00C04F79EFBC}") = "DEV-2", "DEV-2.csproj", "{AB648F3C-8FA8-46D0-997B-BD90738822FA}"
EndProject
Project("{FAE04EC0-301F-11D3-BF4B-00C04F79EFBC}") = "DEV-2Tests", "..\DEV-2Tests\DEV-2Tests.csproj", "{0D0EBF73-E291-4339-8D47-76A1757B0559}"
	ProjectSection(ProjectDependencies) = postProject
		{AB648F3C-8FA8-46D0-997B-BD90738822FA} = {AB648F3C-8FA8-46D0-997B-BD90738822FA}
	EndProjectSection
EndProject
Global
	GlobalSection(SolutionConfigurationPlatforms) = preSolution
		Debug|Any CPU = Debug|Any CPU
		Release|Any CPU = Release|Any CPU
	EndGlobalSection
	GlobalSection(ProjectConfigurationPlatforms) = postSolution
		{AB648F3C-8FA8-46D0-997B-BD90738822FA}.Debug|Any CPU.ActiveCfg = Debug|Any CPU
		{AB648F3C-8FA8-46D0-997B-BD90738822FA}.Debug|Any CPU.Build.0 = Debug|Any CPU
		{AB648F3C-8FA8-46D0-997B-BD90738822FA}.Release|Any CPU.ActiveCfg = Release|Any CPU
		{AB648F3C-8FA8-46D0-997B-BD90738822FA}.Release|Any CPU.Build.0 = Release|Any CPU
		{0D0EBF73-E291-4339-8D47-76A1757B0559}.Debug|Any CPU.ActiveCfg = Debug|Any CPU
		{0D0EBF73-E291-4339-8D47-76A1757B0559}.Debug|Any CPU.Build.0 = Debug|Any CPU
		{0D0EBF73-E291-4339-8D47-76A1757B0559}.Release|Any CPU.ActiveCfg = Release|Any CPU
		{0D0EBF73-E291-4339-8D47-76A1757B0559}.Release|Any CPU.Build.0 = Release|Any CPU
	EndGlobalSection
	GlobalSection(SolutionProperties) = preSolution
		HideSolutionNode = FALSE
	EndGlobalSection
	GlobalSection(ExtensibilityGlobals) = postSolution
		SolutionGuid = {A596A8C0-AF6B-49E3-B101-6FF6CEA3C751}
	EndGlobalSection
EndGlobal
